
Microsoft Visual Studio Solution File, Format Version 12.00
# Visual Studio Version 16
VisualStudioVersion = 16.0.33214.272
MinimumVisualStudioVersion = 10.0.40219.1
Project("{FAE04EC0-301F-11D3-BF4B-00C04F79EFBC}") = "JardinesEdi2022.Entidades", "JardinesEdi2022.Entidades\JardinesEdi2022.Entidades.csproj", "{AD691482-8C52-4D1C-B81C-980A3F6B0D35}"
EndProject
Project("{FAE04EC0-301F-11D3-BF4B-00C04F79EFBC}") = "JardinesEdi2022.Datos", "JardinesEdi2022.Datos\JardinesEdi2022.Datos.csproj", "{A20C9A82-DBD4-4FD3-BF53-D8CCEE94CFAA}"
EndProject
Project("{FAE04EC0-301F-11D3-BF4B-00C04F79EFBC}") = "JardinesEdi2022.Servicios", "JardinesEdi2022.Servicios\JardinesEdi2022.Servicios.csproj", "{48171262-D2EC-414B-BBF5-5C57DCBF084F}"
EndProject
Project("{FAE04EC0-301F-11D3-BF4B-00C04F79EFBC}") = "JardinesEdi2022.Utilidades", "JardinesEdi2022.Utilidades\JardinesEdi2022.Utilidades.csproj", "{D1F15140-9A0A-46D4-8320-3DEB41DD2319}"
EndProject
Project("{FAE04EC0-301F-11D3-BF4B-00C04F79EFBC}") = "JardinesEdi2022.Web", "JardinesEdi2022.Web\JardinesEdi2022.Web.csproj", "{A90BBB45-814F-4337-899B-F4021023B5E9}"
EndProject
Global
	GlobalSection(SolutionConfigurationPlatforms) = preSolution
		Debug|Any CPU = Debug|Any CPU
		Release|Any CPU = Release|Any CPU
	EndGlobalSection
	GlobalSection(ProjectConfigurationPlatforms) = postSolution
		{AD691482-8C52-4D1C-B81C-980A3F6B0D35}.Debug|Any CPU.ActiveCfg = Debug|Any CPU
		{AD691482-8C52-4D1C-B81C-980A3F6B0D35}.Debug|Any CPU.Build.0 = Debug|Any CPU
		{AD691482-8C52-4D1C-B81C-980A3F6B0D35}.Release|Any CPU.ActiveCfg = Release|Any CPU
		{AD691482-8C52-4D1C-B81C-980A3F6B0D35}.Release|Any CPU.Build.0 = Release|Any CPU
		{A20C9A82-DBD4-4FD3-BF53-D8CCEE94CFAA}.Debug|Any CPU.ActiveCfg = Debug|Any CPU
		{A20C9A82-DBD4-4FD3-BF53-D8CCEE94CFAA}.Debug|Any CPU.Build.0 = Debug|Any CPU
		{A20C9A82-DBD4-4FD3-BF53-D8CCEE94CFAA}.Release|Any CPU.ActiveCfg = Release|Any CPU
		{A20C9A82-DBD4-4FD3-BF53-D8CCEE94CFAA}.Release|Any CPU.Build.0 = Release|Any CPU
		{48171262-D2EC-414B-BBF5-5C57DCBF084F}.Debug|Any CPU.ActiveCfg = Debug|Any CPU
		{48171262-D2EC-414B-BBF5-5C57DCBF084F}.Debug|Any CPU.Build.0 = Debug|Any CPU
		{48171262-D2EC-414B-BBF5-5C57DCBF084F}.Release|Any CPU.ActiveCfg = Release|Any CPU
		{48171262-D2EC-414B-BBF5-5C57DCBF084F}.Release|Any CPU.Build.0 = Release|Any CPU
		{D1F15140-9A0A-46D4-8320-3DEB41DD2319}.Debug|Any CPU.ActiveCfg = Debug|Any CPU
		{D1F15140-9A0A-46D4-8320-3DEB41DD2319}.Debug|Any CPU.Build.0 = Debug|Any CPU
		{D1F15140-9A0A-46D4-8320-3DEB41DD2319}.Release|Any CPU.ActiveCfg = Release|Any CPU
		{D1F15140-9A0A-46D4-8320-3DEB41DD2319}.Release|Any CPU.Build.0 = Release|Any CPU
		{A90BBB45-814F-4337-899B-F4021023B5E9}.Debug|Any CPU.ActiveCfg = Debug|Any CPU
		{A90BBB45-814F-4337-899B-F4021023B5E9}.Debug|Any CPU.Build.0 = Debug|Any CPU
		{A90BBB45-814F-4337-899B-F4021023B5E9}.Release|Any CPU.ActiveCfg = Release|Any CPU
		{A90BBB45-814F-4337-899B-F4021023B5E9}.Release|Any CPU.Build.0 = Release|Any CPU
	EndGlobalSection
	GlobalSection(SolutionProperties) = preSolution
		HideSolutionNode = FALSE
	EndGlobalSection
	GlobalSection(ExtensibilityGlobals) = postSolution
		SolutionGuid = {4F7D5ACF-B595-475B-937B-61D7AF1B051F}
	EndGlobalSection
EndGlobal
